// !$*UTF8*$!
{
	archiveVersion = 1;
	classes = {
	};
	objectVersion = 50;
	objects = {

/* Begin PBXBuildFile section */
		56E825372696C54400F8AEC6 /* AppDelegate.swift in Sources */ = {isa = PBXBuildFile; fileRef = 56E825362696C54400F8AEC6 /* AppDelegate.swift */; };
		56E825392696C54400F8AEC6 /* SceneDelegate.swift in Sources */ = {isa = PBXBuildFile; fileRef = 56E825382696C54400F8AEC6 /* SceneDelegate.swift */; };
		56E8253B2696C54400F8AEC6 /* ContentView.swift in Sources */ = {isa = PBXBuildFile; fileRef = 56E8253A2696C54400F8AEC6 /* ContentView.swift */; };
		56E8253D2696C54500F8AEC6 /* Assets.xcassets in Resources */ = {isa = PBXBuildFile; fileRef = 56E8253C2696C54500F8AEC6 /* Assets.xcassets */; };
		56E825402696C54500F8AEC6 /* Preview Assets.xcassets in Resources */ = {isa = PBXBuildFile; fileRef = 56E8253F2696C54500F8AEC6 /* Preview Assets.xcassets */; };
		56E825432696C54500F8AEC6 /* LaunchScreen.storyboard in Resources */ = {isa = PBXBuildFile; fileRef = 56E825412696C54500F8AEC6 /* LaunchScreen.storyboard */; };
		56E8254E2696C54500F8AEC6 /* TabAppTests.swift in Sources */ = {isa = PBXBuildFile; fileRef = 56E8254D2696C54500F8AEC6 /* TabAppTests.swift */; };
		56E825592696C54500F8AEC6 /* TabAppUITests.swift in Sources */ = {isa = PBXBuildFile; fileRef = 56E825582696C54500F8AEC6 /* TabAppUITests.swift */; };
		56E825672696C81B00F8AEC6 /* SecondTabView.swift in Sources */ = {isa = PBXBuildFile; fileRef = 56E825662696C81B00F8AEC6 /* SecondTabView.swift */; };
/* End PBXBuildFile section */

/* Begin PBXContainerItemProxy section */
		56E8254A2696C54500F8AEC6 /* PBXContainerItemProxy */ = {
			isa = PBXContainerItemProxy;
			containerPortal = 56E8252B2696C54400F8AEC6 /* Project object */;
			proxyType = 1;
			remoteGlobalIDString = 56E825322696C54400F8AEC6;
			remoteInfo = TabApp;
		};
		56E825552696C54500F8AEC6 /* PBXContainerItemProxy */ = {
			isa = PBXContainerItemProxy;
			containerPortal = 56E8252B2696C54400F8AEC6 /* Project object */;
			proxyType = 1;
			remoteGlobalIDString = 56E825322696C54400F8AEC6;
			remoteInfo = TabApp;
		};
/* End PBXContainerItemProxy section */

/* Begin PBXFileReference section */
		56E825332696C54400F8AEC6 /* TabApp.app */ = {isa = PBXFileReference; explicitFileType = wrapper.application; includeInIndex = 0; path = TabApp.app; sourceTree = BUILT_PRODUCTS_DIR; };
		56E825362696C54400F8AEC6 /* AppDelegate.swift */ = {isa = PBXFileReference; lastKnownFileType = sourcecode.swift; path = AppDelegate.swift; sourceTree = "<group>"; };
		56E825382696C54400F8AEC6 /* SceneDelegate.swift */ = {isa = PBXFileReference; lastKnownFileType = sourcecode.swift; path = SceneDelegate.swift; sourceTree = "<group>"; };
		56E8253A2696C54400F8AEC6 /* ContentView.swift */ = {isa = PBXFileReference; lastKnownFileType = sourcecode.swift; path = ContentView.swift; sourceTree = "<group>"; };
		56E8253C2696C54500F8AEC6 /* Assets.xcassets */ = {isa = PBXFileReference; lastKnownFileType = folder.assetcatalog; path = Assets.xcassets; sourceTree = "<group>"; };
		56E8253F2696C54500F8AEC6 /* Preview Assets.xcassets */ = {isa = PBXFileReference; lastKnownFileType = folder.assetcatalog; path = "Preview Assets.xcassets"; sourceTree = "<group>"; };
		56E825422696C54500F8AEC6 /* Base */ = {isa = PBXFileReference; lastKnownFileType = file.storyboard; name = Base; path = Base.lproj/LaunchScreen.storyboard; sourceTree = "<group>"; };
		56E825442696C54500F8AEC6 /* Info.plist */ = {isa = PBXFileReference; lastKnownFileType = text.plist.xml; path = Info.plist; sourceTree = "<group>"; };
		56E825492696C54500F8AEC6 /* TabAppTests.xctest */ = {isa = PBXFileReference; explicitFileType = wrapper.cfbundle; includeInIndex = 0; path = TabAppTests.xctest; sourceTree = BUILT_PRODUCTS_DIR; };
		56E8254D2696C54500F8AEC6 /* TabAppTests.swift */ = {isa = PBXFileReference; lastKnownFileType = sourcecode.swift; path = TabAppTests.swift; sourceTree = "<group>"; };
		56E8254F2696C54500F8AEC6 /* Info.plist */ = {isa = PBXFileReference; lastKnownFileType = text.plist.xml; path = Info.plist; sourceTree = "<group>"; };
		56E825542696C54500F8AEC6 /* TabAppUITests.xctest */ = {isa = PBXFileReference; explicitFileType = wrapper.cfbundle; includeInIndex = 0; path = TabAppUITests.xctest; sourceTree = BUILT_PRODUCTS_DIR; };
		56E825582696C54500F8AEC6 /* TabAppUITests.swift */ = {isa = PBXFileReference; lastKnownFileType = sourcecode.swift; path = TabAppUITests.swift; sourceTree = "<group>"; };
		56E8255A2696C54500F8AEC6 /* Info.plist */ = {isa = PBXFileReference; lastKnownFileType = text.plist.xml; path = Info.plist; sourceTree = "<group>"; };
		56E825662696C81B00F8AEC6 /* SecondTabView.swift */ = {isa = PBXFileReference; lastKnownFileType = sourcecode.swift; path = SecondTabView.swift; sourceTree = "<group>"; };
/* End PBXFileReference section */

/* Begin PBXFrameworksBuildPhase section */
		56E825302696C54400F8AEC6 /* Frameworks */ = {
			isa = PBXFrameworksBuildPhase;
			buildActionMask = 2147483647;
			files = (
			);
			runOnlyForDeploymentPostprocessing = 0;
		};
		56E825462696C54500F8AEC6 /* Frameworks */ = {
			isa = PBXFrameworksBuildPhase;
			buildActionMask = 2147483647;
			files = (
			);
			runOnlyForDeploymentPostprocessing = 0;
		};
		56E825512696C54500F8AEC6 /* Frameworks */ = {
			isa = PBXFrameworksBuildPhase;
			buildActionMask = 2147483647;
			files = (
			);
			runOnlyForDeploymentPostprocessing = 0;
		};
/* End PBXFrameworksBuildPhase section */

/* Begin PBXGroup section */
		56E8252A2696C54400F8AEC6 = {
			isa = PBXGroup;
			children = (
				56E825352696C54400F8AEC6 /* TabApp */,
				56E8254C2696C54500F8AEC6 /* TabAppTests */,
				56E825572696C54500F8AEC6 /* TabAppUITests */,
				56E825342696C54400F8AEC6 /* Products */,
			);
			sourceTree = "<group>";
		};
		56E825342696C54400F8AEC6 /* Products */ = {
			isa = PBXGroup;
			children = (
				56E825332696C54400F8AEC6 /* TabApp.app */,
				56E825492696C54500F8AEC6 /* TabAppTests.xctest */,
				56E825542696C54500F8AEC6 /* TabAppUITests.xctest */,
			);
			name = Products;
			sourceTree = "<group>";
		};
		56E825352696C54400F8AEC6 /* TabApp */ = {
			isa = PBXGroup;
			children = (
				56E825362696C54400F8AEC6 /* AppDelegate.swift */,
				56E825382696C54400F8AEC6 /* SceneDelegate.swift */,
				56E8253A2696C54400F8AEC6 /* ContentView.swift */,
				56E8253C2696C54500F8AEC6 /* Assets.xcassets */,
				56E825412696C54500F8AEC6 /* LaunchScreen.storyboard */,
				56E825442696C54500F8AEC6 /* Info.plist */,
				56E8253E2696C54500F8AEC6 /* Preview Content */,
				56E825662696C81B00F8AEC6 /* SecondTabView.swift */,
			);
			path = TabApp;
			sourceTree = "<group>";
		};
		56E8253E2696C54500F8AEC6 /* Preview Content */ = {
			isa = PBXGroup;
			children = (
				56E8253F2696C54500F8AEC6 /* Preview Assets.xcassets */,
			);
			path = "Preview Content";
			sourceTree = "<group>";
		};
		56E8254C2696C54500F8AEC6 /* TabAppTests */ = {
			isa = PBXGroup;
			children = (
				56E8254D2696C54500F8AEC6 /* TabAppTests.swift */,
				56E8254F2696C54500F8AEC6 /* Info.plist */,
			);
			path = TabAppTests;
			sourceTree = "<group>";
		};
		56E825572696C54500F8AEC6 /* TabAppUITests */ = {
			isa = PBXGroup;
			children = (
				56E825582696C54500F8AEC6 /* TabAppUITests.swift */,
				56E8255A2696C54500F8AEC6 /* Info.plist */,
			);
			path = TabAppUITests;
			sourceTree = "<group>";
		};
/* End PBXGroup section */

/* Begin PBXNativeTarget section */
		56E825322696C54400F8AEC6 /* TabApp */ = {
			isa = PBXNativeTarget;
			buildConfigurationList = 56E8255D2696C54500F8AEC6 /* Build configuration list for PBXNativeTarget "TabApp" */;
			buildPhases = (
				56E8252F2696C54400F8AEC6 /* Sources */,
				56E825302696C54400F8AEC6 /* Frameworks */,
				56E825312696C54400F8AEC6 /* Resources */,
			);
			buildRules = (
			);
			dependencies = (
			);
			name = TabApp;
			productName = TabApp;
			productReference = 56E825332696C54400F8AEC6 /* TabApp.app */;
			productType = "com.apple.product-type.application";
		};
		56E825482696C54500F8AEC6 /* TabAppTests */ = {
			isa = PBXNativeTarget;
			buildConfigurationList = 56E825602696C54500F8AEC6 /* Build configuration list for PBXNativeTarget "TabAppTests" */;
			buildPhases = (
				56E825452696C54500F8AEC6 /* Sources */,
				56E825462696C54500F8AEC6 /* Frameworks */,
				56E825472696C54500F8AEC6 /* Resources */,
			);
			buildRules = (
			);
			dependencies = (
				56E8254B2696C54500F8AEC6 /* PBXTargetDependency */,
			);
			name = TabAppTests;
			productName = TabAppTests;
			productReference = 56E825492696C54500F8AEC6 /* TabAppTests.xctest */;
			productType = "com.apple.product-type.bundle.unit-test";
		};
		56E825532696C54500F8AEC6 /* TabAppUITests */ = {
			isa = PBXNativeTarget;
			buildConfigurationList = 56E825632696C54500F8AEC6 /* Build configuration list for PBXNativeTarget "TabAppUITests" */;
			buildPhases = (
				56E825502696C54500F8AEC6 /* Sources */,
				56E825512696C54500F8AEC6 /* Frameworks */,
				56E825522696C54500F8AEC6 /* Resources */,
			);
			buildRules = (
			);
			dependencies = (
				56E825562696C54500F8AEC6 /* PBXTargetDependency */,
			);
			name = TabAppUITests;
			productName = TabAppUITests;
			productReference = 56E825542696C54500F8AEC6 /* TabAppUITests.xctest */;
			productType = "com.apple.product-type.bundle.ui-testing";
		};
/* End PBXNativeTarget section */

/* Begin PBXProject section */
		56E8252B2696C54400F8AEC6 /* Project object */ = {
			isa = PBXProject;
			attributes = {
				LastSwiftUpdateCheck = 1250;
				LastUpgradeCheck = 1250;
				TargetAttributes = {
					56E825322696C54400F8AEC6 = {
						CreatedOnToolsVersion = 12.5.1;
					};
					56E825482696C54500F8AEC6 = {
						CreatedOnToolsVersion = 12.5.1;
						TestTargetID = 56E825322696C54400F8AEC6;
					};
					56E825532696C54500F8AEC6 = {
						CreatedOnToolsVersion = 12.5.1;
						TestTargetID = 56E825322696C54400F8AEC6;
					};
				};
			};
			buildConfigurationList = 56E8252E2696C54400F8AEC6 /* Build configuration list for PBXProject "TabApp" */;
			compatibilityVersion = "Xcode 9.3";
			developmentRegion = en;
			hasScannedForEncodings = 0;
			knownRegions = (
				en,
				Base,
			);
			mainGroup = 56E8252A2696C54400F8AEC6;
			productRefGroup = 56E825342696C54400F8AEC6 /* Products */;
			projectDirPath = "";
			projectRoot = "";
			targets = (
				56E825322696C54400F8AEC6 /* TabApp */,
				56E825482696C54500F8AEC6 /* TabAppTests */,
				56E825532696C54500F8AEC6 /* TabAppUITests */,
			);
		};
/* End PBXProject section */

/* Begin PBXResourcesBuildPhase section */
		56E825312696C54400F8AEC6 /* Resources */ = {
			isa = PBXResourcesBuildPhase;
			buildActionMask = 2147483647;
			files = (
				56E825432696C54500F8AEC6 /* LaunchScreen.storyboard in Resources */,
				56E825402696C54500F8AEC6 /* Preview Assets.xcassets in Resources */,
				56E8253D2696C54500F8AEC6 /* Assets.xcassets in Resources */,
			);
			runOnlyForDeploymentPostprocessing = 0;
		};
		56E825472696C54500F8AEC6 /* Resources */ = {
			isa = PBXResourcesBuildPhase;
			buildActionMask = 2147483647;
			files = (
			);
			runOnlyForDeploymentPostprocessing = 0;
		};
		56E825522696C54500F8AEC6 /* Resources */ = {
			isa = PBXResourcesBuildPhase;
			buildActionMask = 2147483647;
			files = (
			);
			runOnlyForDeploymentPostprocessing = 0;
		};
/* End PBXResourcesBuildPhase section */

/* Begin PBXSourcesBuildPhase section */
		56E8252F2696C54400F8AEC6 /* Sources */ = {
			isa = PBXSourcesBuildPhase;
			buildActionMask = 2147483647;
			files = (
				56E825672696C81B00F8AEC6 /* SecondTabView.swift in Sources */,
				56E825372696C54400F8AEC6 /* AppDelegate.swift in Sources */,
				56E825392696C54400F8AEC6 /* SceneDelegate.swift in Sources */,
				56E8253B2696C54400F8AEC6 /* ContentView.swift in Sources */,
			);
			runOnlyForDeploymentPostprocessing = 0;
		};
		56E825452696C54500F8AEC6 /* Sources */ = {
			isa = PBXSourcesBuildPhase;
			buildActionMask = 2147483647;
			files = (
				56E8254E2696C54500F8AEC6 /* TabAppTests.swift in Sources */,
			);
			runOnlyForDeploymentPostprocessing = 0;
		};
		56E825502696C54500F8AEC6 /* Sources */ = {
			isa = PBXSourcesBuildPhase;
			buildActionMask = 2147483647;
			files = (
				56E825592696C54500F8AEC6 /* TabAppUITests.swift in Sources */,
			);
			runOnlyForDeploymentPostprocessing = 0;
		};
/* End PBXSourcesBuildPhase section */

/* Begin PBXTargetDependency section */
		56E8254B2696C54500F8AEC6 /* PBXTargetDependency */ = {
			isa = PBXTargetDependency;
			target = 56E825322696C54400F8AEC6 /* TabApp */;
			targetProxy = 56E8254A2696C54500F8AEC6 /* PBXContainerItemProxy */;
		};
		56E825562696C54500F8AEC6 /* PBXTargetDependency */ = {
			isa = PBXTargetDependency;
			target = 56E825322696C54400F8AEC6 /* TabApp */;
			targetProxy = 56E825552696C54500F8AEC6 /* PBXContainerItemProxy */;
		};
/* End PBXTargetDependency section */

/* Begin PBXVariantGroup section */
		56E825412696C54500F8AEC6 /* LaunchScreen.storyboard */ = {
			isa = PBXVariantGroup;
			children = (
				56E825422696C54500F8AEC6 /* Base */,
			);
			name = LaunchScreen.storyboard;
			sourceTree = "<group>";
		};
/* End PBXVariantGroup section */

/* Begin XCBuildConfiguration section */
		56E8255B2696C54500F8AEC6 /* Debug */ = {
			isa = XCBuildConfiguration;
			buildSettings = {
				ALWAYS_SEARCH_USER_PATHS = NO;
				CLANG_ANALYZER_NONNULL = YES;
				CLANG_ANALYZER_NUMBER_OBJECT_CONVERSION = YES_AGGRESSIVE;
				CLANG_CXX_LANGUAGE_STANDARD = "gnu++14";
				CLANG_CXX_LIBRARY = "libc++";
				CLANG_ENABLE_MODULES = YES;
				CLANG_ENABLE_OBJC_ARC = YES;
				CLANG_ENABLE_OBJC_WEAK = YES;
				CLANG_WARN_BLOCK_CAPTURE_AUTORELEASING = YES;
				CLANG_WARN_BOOL_CONVERSION = YES;
				CLANG_WARN_COMMA = YES;
				CLANG_WARN_CONSTANT_CONVERSION = YES;
				CLANG_WARN_DEPRECATED_OBJC_IMPLEMENTATIONS = YES;
				CLANG_WARN_DIRECT_OBJC_ISA_USAGE = YES_ERROR;
				CLANG_WARN_DOCUMENTATION_COMMENTS = YES;
				CLANG_WARN_EMPTY_BODY = YES;
				CLANG_WARN_ENUM_CONVERSION = YES;
				CLANG_WARN_INFINITE_RECURSION = YES;
				CLANG_WARN_INT_CONVERSION = YES;
				CLANG_WARN_NON_LITERAL_NULL_CONVERSION = YES;
				CLANG_WARN_OBJC_IMPLICIT_RETAIN_SELF = YES;
				CLANG_WARN_OBJC_LITERAL_CONVERSION = YES;
				CLANG_WARN_OBJC_ROOT_CLASS = YES_ERROR;
				CLANG_WARN_QUOTED_INCLUDE_IN_FRAMEWORK_HEADER = YES;
				CLANG_WARN_RANGE_LOOP_ANALYSIS = YES;
				CLANG_WARN_STRICT_PROTOTYPES = YES;
				CLANG_WARN_SUSPICIOUS_MOVE = YES;
				CLANG_WARN_UNGUARDED_AVAILABILITY = YES_AGGRESSIVE;
				CLANG_WARN_UNREACHABLE_CODE = YES;
				CLANG_WARN__DUPLICATE_METHOD_MATCH = YES;
				COPY_PHASE_STRIP = NO;
				DEBUG_INFORMATION_FORMAT = dwarf;
				ENABLE_STRICT_OBJC_MSGSEND = YES;
				ENABLE_TESTABILITY = YES;
				GCC_C_LANGUAGE_STANDARD = gnu11;
				GCC_DYNAMIC_NO_PIC = NO;
				GCC_NO_COMMON_BLOCKS = YES;
				GCC_OPTIMIZATION_LEVEL = 0;
				GCC_PREPROCESSOR_DEFINITIONS = (
					"DEBUG=1",
					"$(inherited)",
				);
				GCC_WARN_64_TO_32_BIT_CONVERSION = YES;
				GCC_WARN_ABOUT_RETURN_TYPE = YES_ERROR;
				GCC_WARN_UNDECLARED_SELECTOR = YES;
				GCC_WARN_UNINITIALIZED_AUTOS = YES_AGGRESSIVE;
				GCC_WARN_UNUSED_FUNCTION = YES;
				GCC_WARN_UNUSED_VARIABLE = YES;
				IPHONEOS_DEPLOYMENT_TARGET = 14.5;
				MTL_ENABLE_DEBUG_INFO = INCLUDE_SOURCE;
				MTL_FAST_MATH = YES;
				ONLY_ACTIVE_ARCH = YES;
				SDKROOT = iphoneos;
				SWIFT_ACTIVE_COMPILATION_CONDITIONS = DEBUG;
				SWIFT_OPTIMIZATION_LEVEL = "-Onone";
			};
			name = Debug;
		};
		56E8255C2696C54500F8AEC6 /* Release */ = {
			isa = XCBuildConfiguration;
			buildSettings = {
				ALWAYS_SEARCH_USER_PATHS = NO;
				CLANG_ANALYZER_NONNULL = YES;
				CLANG_ANALYZER_NUMBER_OBJECT_CONVERSION = YES_AGGRESSIVE;
				CLANG_CXX_LANGUAGE_STANDARD = "gnu++14";
				CLANG_CXX_LIBRARY = "libc++";
				CLANG_ENABLE_MODULES = YES;
				CLANG_ENABLE_OBJC_ARC = YES;
				CLANG_ENABLE_OBJC_WEAK = YES;
				CLANG_WARN_BLOCK_CAPTURE_AUTORELEASING = YES;
				CLANG_WARN_BOOL_CONVERSION = YES;
				CLANG_WARN_COMMA = YES;
				CLANG_WARN_CONSTANT_CONVERSION = YES;
				CLANG_WARN_DEPRECATED_OBJC_IMPLEMENTATIONS = YES;
				CLANG_WARN_DIRECT_OBJC_ISA_USAGE = YES_ERROR;
				CLANG_WARN_DOCUMENTATION_COMMENTS = YES;
				CLANG_WARN_EMPTY_BODY = YES;
				CLANG_WARN_ENUM_CONVERSION = YES;
				CLANG_WARN_INFINITE_RECURSION = YES;
				CLANG_WARN_INT_CONVERSION = YES;
				CLANG_WARN_NON_LITERAL_NULL_CONVERSION = YES;
				CLANG_WARN_OBJC_IMPLICIT_RETAIN_SELF = YES;
				CLANG_WARN_OBJC_LITERAL_CONVERSION = YES;
				CLANG_WARN_OBJC_ROOT_CLASS = YES_ERROR;
				CLANG_WARN_QUOTED_INCLUDE_IN_FRAMEWORK_HEADER = YES;
				CLANG_WARN_RANGE_LOOP_ANALYSIS = YES;
				CLANG_WARN_STRICT_PROTOTYPES = YES;
				CLANG_WARN_SUSPICIOUS_MOVE = YES;
				CLANG_WARN_UNGUARDED_AVAILABILITY = YES_AGGRESSIVE;
				CLANG_WARN_UNREACHABLE_CODE = YES;
				CLANG_WARN__DUPLICATE_METHOD_MATCH = YES;
				COPY_PHASE_STRIP = NO;
				DEBUG_INFORMATION_FORMAT = "dwarf-with-dsym";
				ENABLE_NS_ASSERTIONS = NO;
				ENABLE_STRICT_OBJC_MSGSEND = YES;
				GCC_C_LANGUAGE_STANDARD = gnu11;
				GCC_NO_COMMON_BLOCKS = YES;
				GCC_WARN_64_TO_32_BIT_CONVERSION = YES;
				GCC_WARN_ABOUT_RETURN_TYPE = YES_ERROR;
				GCC_WARN_UNDECLARED_SELECTOR = YES;
				GCC_WARN_UNINITIALIZED_AUTOS = YES_AGGRESSIVE;
				GCC_WARN_UNUSED_FUNCTION = YES;
				GCC_WARN_UNUSED_VARIABLE = YES;
				IPHONEOS_DEPLOYMENT_TARGET = 14.5;
				MTL_ENABLE_DEBUG_INFO = NO;
				MTL_FAST_MATH = YES;
				SDKROOT = iphoneos;
				SWIFT_COMPILATION_MODE = wholemodule;
				SWIFT_OPTIMIZATION_LEVEL = "-O";
				VALIDATE_PRODUCT = YES;
			};
			name = Release;
		};
		56E8255E2696C54500F8AEC6 /* Debug */ = {
			isa = XCBuildConfiguration;
			buildSettings = {
				ASSETCATALOG_COMPILER_APPICON_NAME = AppIcon;
				ASSETCATALOG_COMPILER_GLOBAL_ACCENT_COLOR_NAME = AccentColor;
				CODE_SIGN_STYLE = Automatic;
				DEVELOPMENT_ASSET_PATHS = "\"TabApp/Preview Content\"";
				ENABLE_PREVIEWS = YES;
				INFOPLIST_FILE = TabApp/Info.plist;
				LD_RUNPATH_SEARCH_PATHS = (
					"$(inherited)",
					"@executable_path/Frameworks",
				);
				PRODUCT_BUNDLE_IDENTIFIER = kr.ac.kpu.HyeminChoi.TabApp;
				PRODUCT_NAME = "$(TARGET_NAME)";
				SWIFT_VERSION = 5.0;
				TARGETED_DEVICE_FAMILY = "1,2";
			};
			name = Debug;
		};
		56E8255F2696C54500F8AEC6 /* Release */ = {
			isa = XCBuildConfiguration;
			buildSettings = {
				ASSETCATALOG_COMPILER_APPICON_NAME = AppIcon;
				ASSETCATALOG_COMPILER_GLOBAL_ACCENT_COLOR_NAME = AccentColor;
				CODE_SIGN_STYLE = Automatic;
				DEVELOPMENT_ASSET_PATHS = "\"TabApp/Preview Content\"";
				ENABLE_PREVIEWS = YES;
				INFOPLIST_FILE = TabApp/Info.plist;
				LD_RUNPATH_SEARCH_PATHS = (
					"$(inherited)",
					"@executable_path/Frameworks",
				);
				PRODUCT_BUNDLE_IDENTIFIER = kr.ac.kpu.HyeminChoi.TabApp;
				PRODUCT_NAME = "$(TARGET_NAME)";
				SWIFT_VERSION = 5.0;
				TARGETED_DEVICE_FAMILY = "1,2";
			};
			name = Release;
		};
		56E825612696C54500F8AEC6 /* Debug */ = {
			isa = XCBuildConfiguration;
			buildSettings = {
				ALWAYS_EMBED_SWIFT_STANDARD_LIBRARIES = YES;
				BUNDLE_LOADER = "$(TEST_HOST)";
				CODE_SIGN_STYLE = Automatic;
				INFOPLIST_FILE = TabAppTests/Info.plist;
				IPHONEOS_DEPLOYMENT_TARGET = 14.5;
				LD_RUNPATH_SEARCH_PATHS = (
					"$(inherited)",
					"@executable_path/Frameworks",
					"@loader_path/Frameworks",
				);
				PRODUCT_BUNDLE_IDENTIFIER = kr.ac.kpu.HyeminChoi.TabAppTests;
				PRODUCT_NAME = "$(TARGET_NAME)";
				SWIFT_VERSION = 5.0;
				TARGETED_DEVICE_FAMILY = "1,2";
				TEST_HOST = "$(BUILT_PRODUCTS_DIR)/TabApp.app/TabApp";
			};
			name = Debug;
		};
		56E825622696C54500F8AEC6 /* Release */ = {
			isa = XCBuildConfiguration;
			buildSettings = {
				ALWAYS_EMBED_SWIFT_STANDARD_LIBRARIES = YES;
				BUNDLE_LOADER = "$(TEST_HOST)";
				CODE_SIGN_STYLE = Automatic;
				INFOPLIST_FILE = TabAppTests/Info.plist;
				IPHONEOS_DEPLOYMENT_TARGET = 14.5;
				LD_RUNPATH_SEARCH_PATHS = (
					"$(inherited)",
					"@executable_path/Frameworks",
					"@loader_path/Frameworks",
				);
				PRODUCT_BUNDLE_IDENTIFIER = kr.ac.kpu.HyeminChoi.TabAppTests;
				PRODUCT_NAME = "$(TARGET_NAME)";
				SWIFT_VERSION = 5.0;
				TARGETED_DEVICE_FAMILY = "1,2";
				TEST_HOST = "$(BUILT_PRODUCTS_DIR)/TabApp.app/TabApp";
			};
			name = Release;
		};
		56E825642696C54500F8AEC6 /* Debug */ = {
			isa = XCBuildConfiguration;
			buildSettings = {
				ALWAYS_EMBED_SWIFT_STANDARD_LIBRARIES = YES;
				CODE_SIGN_STYLE = Automatic;
				INFOPLIST_FILE = TabAppUITests/Info.plist;
				LD_RUNPATH_SEARCH_PATHS = (
					"$(inherited)",
					"@executable_path/Frameworks",
					"@loader_path/Frameworks",
				);
				PRODUCT_BUNDLE_IDENTIFIER = kr.ac.kpu.HyeminChoi.TabAppUITests;
				PRODUCT_NAME = "$(TARGET_NAME)";
				SWIFT_VERSION = 5.0;
				TARGETED_DEVICE_FAMILY = "1,2";
				TEST_TARGET_NAME = TabApp;
			};
			name = Debug;
		};
		56E825652696C54500F8AEC6 /* Release */ = {
			isa = XCBuildConfiguration;
			buildSettings = {
				ALWAYS_EMBED_SWIFT_STANDARD_LIBRARIES = YES;
				CODE_SIGN_STYLE = Automatic;
				INFOPLIST_FILE = TabAppUITests/Info.plist;
				LD_RUNPATH_SEARCH_PATHS = (
					"$(inherited)",
					"@executable_path/Frameworks",
					"@loader_path/Frameworks",
				);
				PRODUCT_BUNDLE_IDENTIFIER = kr.ac.kpu.HyeminChoi.TabAppUITests;
				PRODUCT_NAME = "$(TARGET_NAME)";
				SWIFT_VERSION = 5.0;
				TARGETED_DEVICE_FAMILY = "1,2";
				TEST_TARGET_NAME = TabApp;
			};
			name = Release;
		};
/* End XCBuildConfiguration section */

/* Begin XCConfigurationList section */
		56E8252E2696C54400F8AEC6 /* Build configuration list for PBXProject "TabApp" */ = {
			isa = XCConfigurationList;
			buildConfigurations = (
				56E8255B2696C54500F8AEC6 /* Debug */,
				56E8255C2696C54500F8AEC6 /* Release */,
			);
			defaultConfigurationIsVisible = 0;
			defaultConfigurationName = Release;
		};
		56E8255D2696C54500F8AEC6 /* Build configuration list for PBXNativeTarget "TabApp" */ = {
			isa = XCConfigurationList;
			buildConfigurations = (
				56E8255E2696C54500F8AEC6 /* Debug */,
				56E8255F2696C54500F8AEC6 /* Release */,
			);
			defaultConfigurationIsVisible = 0;
			defaultConfigurationName = Release;
		};
		56E825602696C54500F8AEC6 /* Build configuration list for PBXNativeTarget "TabAppTests" */ = {
			isa = XCConfigurationList;
			buildConfigurations = (
				56E825612696C54500F8AEC6 /* Debug */,
				56E825622696C54500F8AEC6 /* Release */,
			);
			defaultConfigurationIsVisible = 0;
			defaultConfigurationName = Release;
		};
		56E825632696C54500F8AEC6 /* Build configuration list for PBXNativeTarget "TabAppUITests" */ = {
			isa = XCConfigurationList;
			buildConfigurations = (
				56E825642696C54500F8AEC6 /* Debug */,
				56E825652696C54500F8AEC6 /* Release */,
			);
			defaultConfigurationIsVisible = 0;
			defaultConfigurationName = Release;
		};
/* End XCConfigurationList section */
	};
	rootObject = 56E8252B2696C54400F8AEC6 /* Project object */;
}
